PODS:
  - FlutterMacOS (1.0.0)
  - mobile_scanner (6.0.2):
    - FlutterMacOS
  - TiRTC_AV (0.1.0-alpha.20260509163150)
  - tirtc_av_kit (1.0.0):
    - FlutterMacOS
    - TiRTC_AV (= 0.1.0-alpha.20260509163150)

DEPENDENCIES:
  - FlutterMacOS (from `Flutter/ephemeral`)
  - mobile_scanner (from `Flutter/ephemeral/.symlinks/plugins/mobile_scanner/macos`)
  - tirtc_av_kit (from `Flutter/ephemeral/.symlinks/plugins/tirtc_av_kit/macos`)

SPEC REPOS:
  https://github.com/CocoaPods/Specs.git:
    - TiRTC_AV

EXTERNAL SOURCES:
  FlutterMacOS:
    :path: Flutter/ephemeral
  mobile_scanner:
    :path: Flutter/ephemeral/.symlinks/plugins/mobile_scanner/macos
  tirtc_av_kit:
    :path: Flutter/ephemeral/.symlinks/plugins/tirtc_av_kit/macos

SPEC CHECKSUMS:
  FlutterMacOS: d0db08ddef1a9af05a5ec4b724367152bb0500b1
  mobile_scanner: 07710d6b9b2c220ae899de2d7ecf5d77ffa56333
  TiRTC_AV: 1b82eaf3addc5827a91ff27e9b8fb91a8398f712
  tirtc_av_kit: d2185b0341e67d8677937d2992b97682c7286c86

PODFILE CHECKSUM: bce492637cea7ba1048021b47f7a9cbe5658db41

COCOAPODS: 1.15.2
